
Microsoft Visual Studio Solution File, Format Version 12.00
# Visual Studio Version 17
VisualStudioVersion = 17.5.33516.290
MinimumVisualStudioVersion = 10.0.40219.1
Project("{FAE04EC0-301F-11D3-BF4B-00C04F79EFBC}") = "OurBlog", "OurBlog\OurBlog.csproj", "{E3153F1D-D59B-4B37-8E69-FDD9DF395B16}"
EndProject
Global
	GlobalSection(SolutionConfigurationPlatforms) = preSolution
		Debug|Any CPU = Debug|Any CPU
		Release|Any CPU = Release|Any CPU
	EndGlobalSection
	GlobalSection(ProjectConfigurationPlatforms) = postSolution
		{E3153F1D-D59B-4B37-8E69-FDD9DF395B16}.Debug|Any CPU.ActiveCfg = Debug|Any CPU
		{E3153F1D-D59B-4B37-8E69-FDD9DF395B16}.Debug|Any CPU.Build.0 = Debug|Any CPU
		{E3153F1D-D59B-4B37-8E69-FDD9DF395B16}.Release|Any CPU.ActiveCfg = Release|Any CPU
		{E3153F1D-D59B-4B37-8E69-FDD9DF395B16}.Release|Any CPU.Build.0 = Release|Any CPU
	EndGlobalSection
	GlobalSection(SolutionProperties) = preSolution
		HideSolutionNode = FALSE
	EndGlobalSection
	GlobalSection(ExtensibilityGlobals) = postSolution
		SolutionGuid = {F1367EF7-81A7-4E0B-AF0F-263E5AA53748}
	EndGlobalSection
EndGlobal
